// !$*UTF8*$!
{
	archiveVersion = 1;
	classes = {
	};
	objectVersion = 56;
	objects = {

/* Begin PBXBuildFile section */
		C46FFD342C3ADB880050042C /* AppDelegate.swift in Sources */ = {isa = PBXBuildFile; fileRef = C46FFD332C3ADB880050042C /* AppDelegate.swift */; };
		C46FFD362C3ADB880050042C /* SceneDelegate.swift in Sources */ = {isa = PBXBuildFile; fileRef = C46FFD352C3ADB880050042C /* SceneDelegate.swift */; };
		C46FFD382C3ADB880050042C /* MainViewController.swift in Sources */ = {isa = PBXBuildFile; fileRef = C46FFD372C3ADB880050042C /* MainViewController.swift */; };
		C46FFD3B2C3ADB880050042C /* Base in Resources */ = {isa = PBXBuildFile; fileRef = C46FFD3A2C3ADB880050042C /* Base */; };
		C46FFD3E2C3ADB880050042C /* moneyTracker.xcdatamodeld in Sources */ = {isa = PBXBuildFile; fileRef = C46FFD3C2C3ADB880050042C /* moneyTracker.xcdatamodeld */; };
		C46FFD402C3ADB890050042C /* Assets.xcassets in Resources */ = {isa = PBXBuildFile; fileRef = C46FFD3F2C3ADB890050042C /* Assets.xcassets */; };
		C46FFD432C3ADB890050042C /* Base in Resources */ = {isa = PBXBuildFile; fileRef = C46FFD422C3ADB890050042C /* Base */; };
		C46FFD4B2C3AF7610050042C /* PurchaseViewController.swift in Sources */ = {isa = PBXBuildFile; fileRef = C46FFD4A2C3AF7610050042C /* PurchaseViewController.swift */; };
		C46FFD4E2C3AFA9B0050042C /* CategoriesTableViewController.swift in Sources */ = {isa = PBXBuildFile; fileRef = C46FFD4D2C3AFA9B0050042C /* CategoriesTableViewController.swift */; };
		C472FBD62C3DC53F002DAA1D /* PurchaseCell.swift in Sources */ = {isa = PBXBuildFile; fileRef = C472FBD42C3DC53F002DAA1D /* PurchaseCell.swift */; };
		C472FBD72C3DC53F002DAA1D /* PurchaseCell.xib in Resources */ = {isa = PBXBuildFile; fileRef = C472FBD52C3DC53F002DAA1D /* PurchaseCell.xib */; };
/* End PBXBuildFile section */

/* Begin PBXFileReference section */
		C46FFD302C3ADB880050042C /* moneyTracker.app */ = {isa = PBXFileReference; explicitFileType = wrapper.application; includeInIndex = 0; path = moneyTracker.app; sourceTree = BUILT_PRODUCTS_DIR; };
		C46FFD332C3ADB880050042C /* AppDelegate.swift */ = {isa = PBXFileReference; lastKnownFileType = sourcecode.swift; path = AppDelegate.swift; sourceTree = "<group>"; };
		C46FFD352C3ADB880050042C /* SceneDelegate.swift */ = {isa = PBXFileReference; lastKnownFileType = sourcecode.swift; path = SceneDelegate.swift; sourceTree = "<group>"; };
		C46FFD372C3ADB880050042C /* MainViewController.swift */ = {isa = PBXFileReference; lastKnownFileType = sourcecode.swift; path = MainViewController.swift; sourceTree = "<group>"; };
		C46FFD3A2C3ADB880050042C /* Base */ = {isa = PBXFileReference; lastKnownFileType = file.storyboard; name = Base; path = Base.lproj/Main.storyboard; sourceTree = "<group>"; };
		C46FFD3D2C3ADB880050042C /* moneyTracker.xcdatamodel */ = {isa = PBXFileReference; lastKnownFileType = wrapper.xcdatamodel; path = moneyTracker.xcdatamodel; sourceTree = "<group>"; };
		C46FFD3F2C3ADB890050042C /* Assets.xcassets */ = {isa = PBXFileReference; lastKnownFileType = folder.assetcatalog; path = Assets.xcassets; sourceTree = "<group>"; };
		C46FFD422C3ADB890050042C /* Base */ = {isa = PBXFileReference; lastKnownFileType = file.storyboard; name = Base; path = Base.lproj/LaunchScreen.storyboard; sourceTree = "<group>"; };
		C46FFD442C3ADB890050042C /* Info.plist */ = {isa = PBXFileReference; lastKnownFileType = text.plist.xml; path = Info.plist; sourceTree = "<group>"; };
		C46FFD4A2C3AF7610050042C /* PurchaseViewController.swift */ = {isa = PBXFileReference; lastKnownFileType = sourcecode.swift; path = PurchaseViewController.swift; sourceTree = "<group>"; };
		C46FFD4D2C3AFA9B0050042C /* CategoriesTableViewController.swift */ = {isa = PBXFileReference; lastKnownFileType = sourcecode.swift; path = CategoriesTableViewController.swift; sourceTree = "<group>"; };
		C472FBD42C3DC53F002DAA1D /* PurchaseCell.swift */ = {isa = PBXFileReference; lastKnownFileType = sourcecode.swift; path = PurchaseCell.swift; sourceTree = "<group>"; };
		C472FBD52C3DC53F002DAA1D /* PurchaseCell.xib */ = {isa = PBXFileReference; lastKnownFileType = file.xib; path = PurchaseCell.xib; sourceTree = "<group>"; };
/* End PBXFileReference section */

/* Begin PBXFrameworksBuildPhase section */
		C46FFD2D2C3ADB880050042C /* Frameworks */ = {
			isa = PBXFrameworksBuildPhase;
			buildActionMask = 2147483647;
			files = (
			);
			runOnlyForDeploymentPostprocessing = 0;
		};
/* End PBXFrameworksBuildPhase section */

/* Begin PBXGroup section */
		C46FFD272C3ADB880050042C = {
			isa = PBXGroup;
			children = (
				C46FFD322C3ADB880050042C /* moneyTracker */,
				C46FFD312C3ADB880050042C /* Products */,
			);
			sourceTree = "<group>";
		};
		C46FFD312C3ADB880050042C /* Products */ = {
			isa = PBXGroup;
			children = (
				C46FFD302C3ADB880050042C /* moneyTracker.app */,
			);
			name = Products;
			sourceTree = "<group>";
		};
		C46FFD322C3ADB880050042C /* moneyTracker */ = {
			isa = PBXGroup;
			children = (
				C46FFD4F2C3AFBDD0050042C /* Application */,
				C46FFD4C2C3AF76C0050042C /* Controllers */,
				C46FFD512C3AFC080050042C /* Model */,
				C46FFD502C3AFBF60050042C /* View */,
				C46FFD3F2C3ADB890050042C /* Assets.xcassets */,
				C46FFD442C3ADB890050042C /* Info.plist */,
			);
			path = moneyTracker;
			sourceTree = "<group>";
		};
		C46FFD4C2C3AF76C0050042C /* Controllers */ = {
			isa = PBXGroup;
			children = (
				C46FFD4A2C3AF7610050042C /* PurchaseViewController.swift */,
				C46FFD4D2C3AFA9B0050042C /* CategoriesTableViewController.swift */,
				C46FFD372C3ADB880050042C /* MainViewController.swift */,
			);
			path = Controllers;
			sourceTree = "<group>";
		};
		C46FFD4F2C3AFBDD0050042C /* Application */ = {
			isa = PBXGroup;
			children = (
				C46FFD332C3ADB880050042C /* AppDelegate.swift */,
				C46FFD352C3ADB880050042C /* SceneDelegate.swift */,
			);
			path = Application;
			sourceTree = "<group>";
		};
		C46FFD502C3AFBF60050042C /* View */ = {
			isa = PBXGroup;
			children = (
				C472FBD82C3DC558002DAA1D /* PurchaseCell */,
				C46FFD392C3ADB880050042C /* Main.storyboard */,
				C46FFD412C3ADB890050042C /* LaunchScreen.storyboard */,
			);
			path = View;
			sourceTree = "<group>";
		};
		C46FFD512C3AFC080050042C /* Model */ = {
			isa = PBXGroup;
			children = (
				C46FFD3C2C3ADB880050042C /* moneyTracker.xcdatamodeld */,
			);
			path = Model;
			sourceTree = "<group>";
		};
		C472FBD82C3DC558002DAA1D /* PurchaseCell */ = {
			isa = PBXGroup;
			children = (
				C472FBD42C3DC53F002DAA1D /* PurchaseCell.swift */,
				C472FBD52C3DC53F002DAA1D /* PurchaseCell.xib */,
			);
			path = PurchaseCell;
			sourceTree = "<group>";
		};
/* End PBXGroup section */

/* Begin PBXNativeTarget section */
		C46FFD2F2C3ADB880050042C /* moneyTracker */ = {
			isa = PBXNativeTarget;
			buildConfigurationList = C46FFD472C3ADB890050042C /* Build configuration list for PBXNativeTarget "moneyTracker" */;
			buildPhases = (
				C46FFD2C2C3ADB880050042C /* Sources */,
				C46FFD2D2C3ADB880050042C /* Frameworks */,
				C46FFD2E2C3ADB880050042C /* Resources */,
			);
			buildRules = (
			);
			dependencies = (
			);
			name = moneyTracker;
			productName = moneyTracker;
			productReference = C46FFD302C3ADB880050042C /* moneyTracker.app */;
			productType = "com.apple.product-type.application";
		};
/* End PBXNativeTarget section */

/* Begin PBXProject section */
		C46FFD282C3ADB880050042C /* Project object */ = {
			isa = PBXProject;
			attributes = {
				BuildIndependentTargetsInParallel = 1;
				LastSwiftUpdateCheck = 1540;
				LastUpgradeCheck = 1540;
				TargetAttributes = {
					C46FFD2F2C3ADB880050042C = {
						CreatedOnToolsVersion = 15.4;
					};
				};
			};
			buildConfigurationList = C46FFD2B2C3ADB880050042C /* Build configuration list for PBXProject "moneyTracker" */;
			compatibilityVersion = "Xcode 14.0";
			developmentRegion = en;
			hasScannedForEncodings = 0;
			knownRegions = (
				en,
				Base,
			);
			mainGroup = C46FFD272C3ADB880050042C;
			productRefGroup = C46FFD312C3ADB880050042C /* Products */;
			projectDirPath = "";
			projectRoot = "";
			targets = (
				C46FFD2F2C3ADB880050042C /* moneyTracker */,
			);
		};
/* End PBXProject section */

/* Begin PBXResourcesBuildPhase section */
		C46FFD2E2C3ADB880050042C /* Resources */ = {
			isa = PBXResourcesBuildPhase;
			buildActionMask = 2147483647;
			files = (
				C472FBD72C3DC53F002DAA1D /* PurchaseCell.xib in Resources */,
				C46FFD402C3ADB890050042C /* Assets.xcassets in Resources */,
				C46FFD432C3ADB890050042C /* Base in Resources */,
				C46FFD3B2C3ADB880050042C /* Base in Resources */,
			);
			runOnlyForDeploymentPostprocessing = 0;
		};
/* End PBXResourcesBuildPhase section */

/* Begin PBXSourcesBuildPhase section */
		C46FFD2C2C3ADB880050042C /* Sources */ = {
			isa = PBXSourcesBuildPhase;
			buildActionMask = 2147483647;
			files = (
				C472FBD62C3DC53F002DAA1D /* PurchaseCell.swift in Sources */,
				C46FFD4B2C3AF7610050042C /* PurchaseViewController.swift in Sources */,
				C46FFD382C3ADB880050042C /* MainViewController.swift in Sources */,
				C46FFD4E2C3AFA9B0050042C /* CategoriesTableViewController.swift in Sources */,
				C46FFD3E2C3ADB880050042C /* moneyTracker.xcdatamodeld in Sources */,
				C46FFD342C3ADB880050042C /* AppDelegate.swift in Sources */,
				C46FFD362C3ADB880050042C /* SceneDelegate.swift in Sources */,
			);
			runOnlyForDeploymentPostprocessing = 0;
		};
/* End PBXSourcesBuildPhase section */

/* Begin PBXVariantGroup section */
		C46FFD392C3ADB880050042C /* Main.storyboard */ = {
			isa = PBXVariantGroup;
			children = (
				C46FFD3A2C3ADB880050042C /* Base */,
			);
			name = Main.storyboard;
			sourceTree = "<group>";
		};
		C46FFD412C3ADB890050042C /* LaunchScreen.storyboard */ = {
			isa = PBXVariantGroup;
			children = (
				C46FFD422C3ADB890050042C /* Base */,
			);
			name = LaunchScreen.storyboard;
			sourceTree = "<group>";
		};
/* End PBXVariantGroup section */

/* Begin XCBuildConfiguration section */
		C46FFD452C3ADB890050042C /* Debug */ = {
			isa = XCBuildConfiguration;
			buildSettings = {
				ALWAYS_SEARCH_USER_PATHS = NO;
				ASSETCATALOG_COMPILER_GENERATE_SWIFT_ASSET_SYMBOL_EXTENSIONS = YES;
				CLANG_ANALYZER_NONNULL = YES;
				CLANG_ANALYZER_NUMBER_OBJECT_CONVERSION = YES_AGGRESSIVE;
				CLANG_CXX_LANGUAGE_STANDARD = "gnu++20";
				CLANG_ENABLE_MODULES = YES;
				CLANG_ENABLE_OBJC_ARC = YES;
				CLANG_ENABLE_OBJC_WEAK = YES;
				CLANG_WARN_BLOCK_CAPTURE_AUTORELEASING = YES;
				CLANG_WARN_BOOL_CONVERSION = YES;
				CLANG_WARN_COMMA = YES;
				CLANG_WARN_CONSTANT_CONVERSION = YES;
				CLANG_WARN_DEPRECATED_OBJC_IMPLEMENTATIONS = YES;
				CLANG_WARN_DIRECT_OBJC_ISA_USAGE = YES_ERROR;
				CLANG_WARN_DOCUMENTATION_COMMENTS = YES;
				CLANG_WARN_EMPTY_BODY = YES;
				CLANG_WARN_ENUM_CONVERSION = YES;
				CLANG_WARN_INFINITE_RECURSION = YES;
				CLANG_WARN_INT_CONVERSION = YES;
				CLANG_WARN_NON_LITERAL_NULL_CONVERSION = YES;
				CLANG_WARN_OBJC_IMPLICIT_RETAIN_SELF = YES;
				CLANG_WARN_OBJC_LITERAL_CONVERSION = YES;
				CLANG_WARN_OBJC_ROOT_CLASS = YES_ERROR;
				CLANG_WARN_QUOTED_INCLUDE_IN_FRAMEWORK_HEADER = YES;
				CLANG_WARN_RANGE_LOOP_ANALYSIS = YES;
				CLANG_WARN_STRICT_PROTOTYPES = YES;
				CLANG_WARN_SUSPICIOUS_MOVE = YES;
				CLANG_WARN_UNGUARDED_AVAILABILITY = YES_AGGRESSIVE;
				CLANG_WARN_UNREACHABLE_CODE = YES;
				CLANG_WARN__DUPLICATE_METHOD_MATCH = YES;
				COPY_PHASE_STRIP = NO;
				DEBUG_INFORMATION_FORMAT = dwarf;
				ENABLE_STRICT_OBJC_MSGSEND = YES;
				ENABLE_TESTABILITY = YES;
				ENABLE_USER_SCRIPT_SANDBOXING = YES;
				GCC_C_LANGUAGE_STANDARD = gnu17;
				GCC_DYNAMIC_NO_PIC = NO;
				GCC_NO_COMMON_BLOCKS = YES;
				GCC_OPTIMIZATION_LEVEL = 0;
				GCC_PREPROCESSOR_DEFINITIONS = (
					"DEBUG=1",
					"$(inherited)",
				);
				GCC_WARN_64_TO_32_BIT_CONVERSION = YES;
				GCC_WARN_ABOUT_RETURN_TYPE = YES_ERROR;
				GCC_WARN_UNDECLARED_SELECTOR = YES;
				GCC_WARN_UNINITIALIZED_AUTOS = YES_AGGRESSIVE;
				GCC_WARN_UNUSED_FUNCTION = YES;
				GCC_WARN_UNUSED_VARIABLE = YES;
				IPHONEOS_DEPLOYMENT_TARGET = 17.5;
				LOCALIZATION_PREFERS_STRING_CATALOGS = YES;
				MTL_ENABLE_DEBUG_INFO = INCLUDE_SOURCE;
				MTL_FAST_MATH = YES;
				ONLY_ACTIVE_ARCH = YES;
				SDKROOT = iphoneos;
				SWIFT_ACTIVE_COMPILATION_CONDITIONS = "DEBUG $(inherited)";
				SWIFT_OPTIMIZATION_LEVEL = "-Onone";
			};
			name = Debug;
		};
		C46FFD462C3ADB890050042C /* Release */ = {
			isa = XCBuildConfiguration;
			buildSettings = {
				ALWAYS_SEARCH_USER_PATHS = NO;
				ASSETCATALOG_COMPILER_GENERATE_SWIFT_ASSET_SYMBOL_EXTENSIONS = YES;
				CLANG_ANALYZER_NONNULL = YES;
				CLANG_ANALYZER_NUMBER_OBJECT_CONVERSION = YES_AGGRESSIVE;
				CLANG_CXX_LANGUAGE_STANDARD = "gnu++20";
				CLANG_ENABLE_MODULES = YES;
				CLANG_ENABLE_OBJC_ARC = YES;
				CLANG_ENABLE_OBJC_WEAK = YES;
				CLANG_WARN_BLOCK_CAPTURE_AUTORELEASING = YES;
				CLANG_WARN_BOOL_CONVERSION = YES;
				CLANG_WARN_COMMA = YES;
				CLANG_WARN_CONSTANT_CONVERSION = YES;
				CLANG_WARN_DEPRECATED_OBJC_IMPLEMENTATIONS = YES;
				CLANG_WARN_DIRECT_OBJC_ISA_USAGE = YES_ERROR;
				CLANG_WARN_DOCUMENTATION_COMMENTS = YES;
				CLANG_WARN_EMPTY_BODY = YES;
				CLANG_WARN_ENUM_CONVERSION = YES;
				CLANG_WARN_INFINITE_RECURSION = YES;
				CLANG_WARN_INT_CONVERSION = YES;
				CLANG_WARN_NON_LITERAL_NULL_CONVERSION = YES;
				CLANG_WARN_OBJC_IMPLICIT_RETAIN_SELF = YES;
				CLANG_WARN_OBJC_LITERAL_CONVERSION = YES;
				CLANG_WARN_OBJC_ROOT_CLASS = YES_ERROR;
				CLANG_WARN_QUOTED_INCLUDE_IN_FRAMEWORK_HEADER = YES;
				CLANG_WARN_RANGE_LOOP_ANALYSIS = YES;
				CLANG_WARN_STRICT_PROTOTYPES = YES;
				CLANG_WARN_SUSPICIOUS_MOVE = YES;
				CLANG_WARN_UNGUARDED_AVAILABILITY = YES_AGGRESSIVE;
				CLANG_WARN_UNREACHABLE_CODE = YES;
				CLANG_WARN__DUPLICATE_METHOD_MATCH = YES;
				COPY_PHASE_STRIP = NO;
				DEBUG_INFORMATION_FORMAT = "dwarf-with-dsym";
				ENABLE_NS_ASSERTIONS = NO;
				ENABLE_STRICT_OBJC_MSGSEND = YES;
				ENABLE_USER_SCRIPT_SANDBOXING = YES;
				GCC_C_LANGUAGE_STANDARD = gnu17;
				GCC_NO_COMMON_BLOCKS = YES;
				GCC_WARN_64_TO_32_BIT_CONVERSION = YES;
				GCC_WARN_ABOUT_RETURN_TYPE = YES_ERROR;
				GCC_WARN_UNDECLARED_SELECTOR = YES;
				GCC_WARN_UNINITIALIZED_AUTOS = YES_AGGRESSIVE;
				GCC_WARN_UNUSED_FUNCTION = YES;
				GCC_WARN_UNUSED_VARIABLE = YES;
				IPHONEOS_DEPLOYMENT_TARGET = 17.5;
				LOCALIZATION_PREFERS_STRING_CATALOGS = YES;
				MTL_ENABLE_DEBUG_INFO = NO;
				MTL_FAST_MATH = YES;
				SDKROOT = iphoneos;
				SWIFT_COMPILATION_MODE = wholemodule;
				VALIDATE_PRODUCT = YES;
			};
			name = Release;
		};
		C46FFD482C3ADB890050042C /* Debug */ = {
			isa = XCBuildConfiguration;
			buildSettings = {
				ASSETCATALOG_COMPILER_APPICON_NAME = AppIcon;
				ASSETCATALOG_COMPILER_GLOBAL_ACCENT_COLOR_NAME = AccentColor;
				CODE_SIGN_STYLE = Automatic;
				CURRENT_PROJECT_VERSION = 1;
				DEVELOPMENT_TEAM = MF5GZ7CN3R;
				GENERATE_INFOPLIST_FILE = YES;
				INFOPLIST_FILE = moneyTracker/Info.plist;
				INFOPLIST_KEY_UIApplicationSupportsIndirectInputEvents = YES;
				INFOPLIST_KEY_UILaunchStoryboardName = LaunchScreen;
				INFOPLIST_KEY_UIMainStoryboardFile = Main;
				INFOPLIST_KEY_UISupportedInterfaceOrientations_iPad = "UIInterfaceOrientationPortrait UIInterfaceOrientationPortraitUpsideDown UIInterfaceOrientationLandscapeLeft UIInterfaceOrientationLandscapeRight";
				INFOPLIST_KEY_UISupportedInterfaceOrientations_iPhone = "UIInterfaceOrientationPortrait UIInterfaceOrientationLandscapeLeft UIInterfaceOrientationLandscapeRight";
				LD_RUNPATH_SEARCH_PATHS = (
					"$(inherited)",
					"@executable_path/Frameworks",
				);
				MARKETING_VERSION = 1.0;
				PRODUCT_BUNDLE_IDENTIFIER = "vova-tesla.moneyTracker";
				PRODUCT_NAME = "$(TARGET_NAME)";
				SWIFT_EMIT_LOC_STRINGS = YES;
				SWIFT_VERSION = 5.0;
				TARGETED_DEVICE_FAMILY = "1,2";
			};
			name = Debug;
		};
		C46FFD492C3ADB890050042C /* Release */ = {
			isa = XCBuildConfiguration;
			buildSettings = {
				ASSETCATALOG_COMPILER_APPICON_NAME = AppIcon;
				ASSETCATALOG_COMPILER_GLOBAL_ACCENT_COLOR_NAME = AccentColor;
				CODE_SIGN_STYLE = Automatic;
				CURRENT_PROJECT_VERSION = 1;
				DEVELOPMENT_TEAM = MF5GZ7CN3R;
				GENERATE_INFOPLIST_FILE = YES;
				INFOPLIST_FILE = moneyTracker/Info.plist;
				INFOPLIST_KEY_UIApplicationSupportsIndirectInputEvents = YES;
				INFOPLIST_KEY_UILaunchStoryboardName = LaunchScreen;
				INFOPLIST_KEY_UIMainStoryboardFile = Main;
				INFOPLIST_KEY_UISupportedInterfaceOrientations_iPad = "UIInterfaceOrientationPortrait UIInterfaceOrientationPortraitUpsideDown UIInterfaceOrientationLandscapeLeft UIInterfaceOrientationLandscapeRight";
				INFOPLIST_KEY_UISupportedInterfaceOrientations_iPhone = "UIInterfaceOrientationPortrait UIInterfaceOrientationLandscapeLeft UIInterfaceOrientationLandscapeRight";
				LD_RUNPATH_SEARCH_PATHS = (
					"$(inherited)",
					"@executable_path/Frameworks",
				);
				MARKETING_VERSION = 1.0;
				PRODUCT_BUNDLE_IDENTIFIER = "vova-tesla.moneyTracker";
				PRODUCT_NAME = "$(TARGET_NAME)";
				SWIFT_EMIT_LOC_STRINGS = YES;
				SWIFT_VERSION = 5.0;
				TARGETED_DEVICE_FAMILY = "1,2";
			};
			name = Release;
		};
/* End XCBuildConfiguration section */

/* Begin XCConfigurationList section */
		C46FFD2B2C3ADB880050042C /* Build configuration list for PBXProject "moneyTracker" */ = {
			isa = XCConfigurationList;
			buildConfigurations = (
				C46FFD452C3ADB890050042C /* Debug */,
				C46FFD462C3ADB890050042C /* Release */,
			);
			defaultConfigurationIsVisible = 0;
			defaultConfigurationName = Release;
		};
		C46FFD472C3ADB890050042C /* Build configuration list for PBXNativeTarget "moneyTracker" */ = {
			isa = XCConfigurationList;
			buildConfigurations = (
				C46FFD482C3ADB890050042C /* Debug */,
				C46FFD492C3ADB890050042C /* Release */,
			);
			defaultConfigurationIsVisible = 0;
			defaultConfigurationName = Release;
		};
/* End XCConfigurationList section */

/* Begin XCVersionGroup section */
		C46FFD3C2C3ADB880050042C /* moneyTracker.xcdatamodeld */ = {
			isa = XCVersionGroup;
			children = (
				C46FFD3D2C3ADB880050042C /* moneyTracker.xcdatamodel */,
			);
			currentVersion = C46FFD3D2C3ADB880050042C /* moneyTracker.xcdatamodel */;
			path = moneyTracker.xcdatamodeld;
			sourceTree = "<group>";
			versionGroupType = wrapper.xcdatamodel;
		};
/* End XCVersionGroup section */
	};
	rootObject = C46FFD282C3ADB880050042C /* Project object */;
}
